Microsoft Visual Studio Solution File, Format Version 12.00
# Visual Studio Version 17
VisualStudioVersion = 17.5.2.0
MinimumVisualStudioVersion = 10.0.40219.1
Project("{FAE04EC0-301F-11D3-BF4B-00C04F79EFBC}") = "SopranosDashboard", "SopranosDashboard.csproj", "{17ADFE9D-759E-45DB-A69C-DE7A2EE5CE13}"
EndProject
Global
	GlobalSection(SolutionConfigurationPlatforms) = preSolution
		Debug|Any CPU = Debug|Any CPU
		Release|Any CPU = Release|Any CPU
	EndGlobalSection
	GlobalSection(ProjectConfigurationPlatforms) = postSolution
		{17ADFE9D-759E-45DB-A69C-DE7A2EE5CE13}.Debug|Any CPU.ActiveCfg = Debug|Any CPU
		{17ADFE9D-759E-45DB-A69C-DE7A2EE5CE13}.Debug|Any CPU.Build.0 = Debug|Any CPU
		{17ADFE9D-759E-45DB-A69C-DE7A2EE5CE13}.Release|Any CPU.ActiveCfg = Release|Any CPU
		{17ADFE9D-759E-45DB-A69C-DE7A2EE5CE13}.Release|Any CPU.Build.0 = Release|Any CPU
	EndGlobalSection
	GlobalSection(SolutionProperties) = preSolution
		HideSolutionNode = FALSE
	EndGlobalSection
	GlobalSection(ExtensibilityGlobals) = postSolution
		SolutionGuid = {91178064-A66C-4A77-97E0-7C2429763CD8}
	EndGlobalSection
EndGlobal
